
Microsoft Visual Studio Solution File, Format Version 12.00
# Visual Studio Version 17
VisualStudioVersion = 17.9.34902.65
MinimumVisualStudioVersion = 10.0.40219.1
Project("{FAE04EC0-301F-11D3-BF4B-00C04F79EFBC}") = "ConsoleApp1", "ConsoleApp1.csproj", "{8F977617-FC5B-4F92-9F43-227F9887C1D1}"
EndProject
Global
	GlobalSection(SolutionConfigurationPlatforms) = preSolution
		Debug|Any CPU = Debug|Any CPU
		Release|Any CPU = Release|Any CPU
	EndGlobalSection
	GlobalSection(ProjectConfigurationPlatforms) = postSolution
		{8F977617-FC5B-4F92-9F43-227F9887C1D1}.Debug|Any CPU.ActiveCfg = Debug|Any CPU
		{8F977617-FC5B-4F92-9F43-227F9887C1D1}.Debug|Any CPU.Build.0 = Debug|Any CPU
		{8F977617-FC5B-4F92-9F43-227F9887C1D1}.Release|Any CPU.ActiveCfg = Release|Any CPU
		{8F977617-FC5B-4F92-9F43-227F9887C1D1}.Release|Any CPU.Build.0 = Release|Any CPU
	EndGlobalSection
	GlobalSection(SolutionProperties) = preSolution
		HideSolutionNode = FALSE
	EndGlobalSection
	GlobalSection(ExtensibilityGlobals) = postSolution
		SolutionGuid = {B6980B77-7872-4230-A018-1C21CEDAB3C7}
	EndGlobalSection
EndGlobal
