
Microsoft Visual Studio Solution File, Format Version 12.00
# Visual Studio Version 17
VisualStudioVersion = 17.9.34902.65
MinimumVisualStudioVersion = 10.0.40219.1
Project("{FAE04EC0-301F-11D3-BF4B-00C04F79EFBC}") = "Vetor", "Vetor.csproj", "{AE149C31-957C-43C5-A98E-102D5D4A842A}"
EndProject
Global
	GlobalSection(SolutionConfigurationPlatforms) = preSolution
		Debug|Any CPU = Debug|Any CPU
		Release|Any CPU = Release|Any CPU
	EndGlobalSection
	GlobalSection(ProjectConfigurationPlatforms) = postSolution
		{AE149C31-957C-43C5-A98E-102D5D4A842A}.Debug|Any CPU.ActiveCfg = Debug|Any CPU
		{AE149C31-957C-43C5-A98E-102D5D4A842A}.Debug|Any CPU.Build.0 = Debug|Any CPU
		{AE149C31-957C-43C5-A98E-102D5D4A842A}.Release|Any CPU.ActiveCfg = Release|Any CPU
		{AE149C31-957C-43C5-A98E-102D5D4A842A}.Release|Any CPU.Build.0 = Release|Any CPU
	EndGlobalSection
	GlobalSection(SolutionProperties) = preSolution
		HideSolutionNode = FALSE
	EndGlobalSection
	GlobalSection(ExtensibilityGlobals) = postSolution
		SolutionGuid = {46025CF0-A8FE-4399-99F5-DC5C2CBD647A}
	EndGlobalSection
EndGlobal
