
Microsoft Visual Studio Solution File, Format Version 12.00
# Visual Studio Version 17
VisualStudioVersion = 17.9.34902.65
MinimumVisualStudioVersion = 10.0.40219.1
Project("{FAE04EC0-301F-11D3-BF4B-00C04F79EFBC}") = "BasicC#Project", "BasicC#Project.csproj", "{83594FFD-CED6-459E-8327-D17DF3DF735B}"
EndProject
Global
	GlobalSection(SolutionConfigurationPlatforms) = preSolution
		Debug|Any CPU = Debug|Any CPU
		Release|Any CPU = Release|Any CPU
	EndGlobalSection
	GlobalSection(ProjectConfigurationPlatforms) = postSolution
		{83594FFD-CED6-459E-8327-D17DF3DF735B}.Debug|Any CPU.ActiveCfg = Debug|Any CPU
		{83594FFD-CED6-459E-8327-D17DF3DF735B}.Debug|Any CPU.Build.0 = Debug|Any CPU
		{83594FFD-CED6-459E-8327-D17DF3DF735B}.Release|Any CPU.ActiveCfg = Release|Any CPU
		{83594FFD-CED6-459E-8327-D17DF3DF735B}.Release|Any CPU.Build.0 = Release|Any CPU
	EndGlobalSection
	GlobalSection(SolutionProperties) = preSolution
		HideSolutionNode = FALSE
	EndGlobalSection
	GlobalSection(ExtensibilityGlobals) = postSolution
		SolutionGuid = {33078ED4-15BB-42B0-AF9E-E92B9720F7B8}
	EndGlobalSection
EndGlobal
